
Microsoft Visual Studio Solution File, Format Version 12.00
# Visual Studio 15
VisualStudioVersion = 15.0.28307.572
MinimumVisualStudioVersion = 10.0.40219.1
Project("{FAE04EC0-301F-11D3-BF4B-00C04F79EFBC}") = "View", "View\View.csproj", "{0E217390-E00F-4C66-924D-0C1D14BEC1A9}"
EndProject
Project("{FAE04EC0-301F-11D3-BF4B-00C04F79EFBC}") = "Model", "Model\Model.csproj", "{93BFA0C4-64DB-4451-97D8-6D8E72239E34}"
EndProject
Project("{FAE04EC0-301F-11D3-BF4B-00C04F79EFBC}") = "Repository", "Repository\Repository.csproj", "{0E316DFA-15F8-4F77-BE9F-1792D57BBD7E}"
EndProject
Global
	GlobalSection(SolutionConfigurationPlatforms) = preSolution
		Debug|Any CPU = Debug|Any CPU
		Release|Any CPU = Release|Any CPU
	EndGlobalSection
	GlobalSection(ProjectConfigurationPlatforms) = postSolution
		{0E217390-E00F-4C66-924D-0C1D14BEC1A9}.Debug|Any CPU.ActiveCfg = Debug|Any CPU
		{0E217390-E00F-4C66-924D-0C1D14BEC1A9}.Debug|Any CPU.Build.0 = Debug|Any CPU
		{0E217390-E00F-4C66-924D-0C1D14BEC1A9}.Release|Any CPU.ActiveCfg = Release|Any CPU
		{0E217390-E00F-4C66-924D-0C1D14BEC1A9}.Release|Any CPU.Build.0 = Release|Any CPU
		{93BFA0C4-64DB-4451-97D8-6D8E72239E34}.Debug|Any CPU.ActiveCfg = Debug|Any CPU
		{93BFA0C4-64DB-4451-97D8-6D8E72239E34}.Debug|Any CPU.Build.0 = Debug|Any CPU
		{93BFA0C4-64DB-4451-97D8-6D8E72239E34}.Release|Any CPU.ActiveCfg = Release|Any CPU
		{93BFA0C4-64DB-4451-97D8-6D8E72239E34}.Release|Any CPU.Build.0 = Release|Any CPU
		{0E316DFA-15F8-4F77-BE9F-1792D57BBD7E}.Debug|Any CPU.ActiveCfg = Debug|Any CPU
		{0E316DFA-15F8-4F77-BE9F-1792D57BBD7E}.Debug|Any CPU.Build.0 = Debug|Any CPU
		{0E316DFA-15F8-4F77-BE9F-1792D57BBD7E}.Release|Any CPU.ActiveCfg = Release|Any CPU
		{0E316DFA-15F8-4F77-BE9F-1792D57BBD7E}.Release|Any CPU.Build.0 = Release|Any CPU
	EndGlobalSection
	GlobalSection(SolutionProperties) = preSolution
		HideSolutionNode = FALSE
	EndGlobalSection
	GlobalSection(ExtensibilityGlobals) = postSolution
		SolutionGuid = {7CBBDB21-FD70-4A14-9CBB-519F54E7EA55}
	EndGlobalSection
EndGlobal
